
Microsoft Visual Studio Solution File, Format Version 12.00
Project("{FAE04EC0-301F-11D3-BF4B-00C04F79EFBC}") = "HomeWork2", "HomeWork2\HomeWork2.csproj", "{95134C81-2737-4255-B4C7-A7A05A4F106F}"
EndProject
Global
	GlobalSection(SolutionConfigurationPlatforms) = preSolution
		Debug|Any CPU = Debug|Any CPU
		Release|Any CPU = Release|Any CPU
	EndGlobalSection
	GlobalSection(ProjectConfigurationPlatforms) = postSolution
		{95134C81-2737-4255-B4C7-A7A05A4F106F}.Debug|Any CPU.ActiveCfg = Debug|Any CPU
		{95134C81-2737-4255-B4C7-A7A05A4F106F}.Debug|Any CPU.Build.0 = Debug|Any CPU
		{95134C81-2737-4255-B4C7-A7A05A4F106F}.Release|Any CPU.ActiveCfg = Release|Any CPU
		{95134C81-2737-4255-B4C7-A7A05A4F106F}.Release|Any CPU.Build.0 = Release|Any CPU
	EndGlobalSection
EndGlobal
